
Microsoft Visual Studio Solution File, Format Version 12.00
# Visual Studio Version 16
VisualStudioVersion = 16.0.30104.148
MinimumVisualStudioVersion = 10.0.40219.1
Project("{FAE04EC0-301F-11D3-BF4B-00C04F79EFBC}") = "textBot_v0.002", "textBot_v0.002.csproj", "{36D62E22-D285-4A2A-A34F-A525D156E7A4}"
EndProject
Global
	GlobalSection(SolutionConfigurationPlatforms) = preSolution
		Debug|Any CPU = Debug|Any CPU
		Release|Any CPU = Release|Any CPU
	EndGlobalSection
	GlobalSection(ProjectConfigurationPlatforms) = postSolution
		{36D62E22-D285-4A2A-A34F-A525D156E7A4}.Debug|Any CPU.ActiveCfg = Debug|Any CPU
		{36D62E22-D285-4A2A-A34F-A525D156E7A4}.Debug|Any CPU.Build.0 = Debug|Any CPU
		{36D62E22-D285-4A2A-A34F-A525D156E7A4}.Release|Any CPU.ActiveCfg = Release|Any CPU
		{36D62E22-D285-4A2A-A34F-A525D156E7A4}.Release|Any CPU.Build.0 = Release|Any CPU
	EndGlobalSection
	GlobalSection(SolutionProperties) = preSolution
		HideSolutionNode = FALSE
	EndGlobalSection
	GlobalSection(ExtensibilityGlobals) = postSolution
		SolutionGuid = {84C803F8-62EA-42F9-88C8-7512DE0019FF}
	EndGlobalSection
EndGlobal
